
Microsoft Visual Studio Solution File, Format Version 12.00
# Visual Studio 15
Project("{FAE04EC0-301F-11D3-BF4B-00C04F79EFBC}") = "Assembly-CSharp", "Assembly-CSharp.csproj", "{CE183DA6-C0C4-019D-917B-61EF28BCB4C1}"
EndProject
Project("{FAE04EC0-301F-11D3-BF4B-00C04F79EFBC}") = "Assembly-CSharp-Editor", "Assembly-CSharp-Editor.csproj", "{9E6F01AC-69B8-8DB7-FA39-5DFF6280ED25}"
EndProject
Global
	GlobalSection(SolutionConfigurationPlatforms) = preSolution
		Debug|Any CPU = Debug|Any CPU
		Release|Any CPU = Release|Any CPU
	EndGlobalSection
	GlobalSection(ProjectConfigurationPlatforms) = postSolution
		{CE183DA6-C0C4-019D-917B-61EF28BCB4C1}.Debug|Any CPU.ActiveCfg = Debug|Any CPU
		{CE183DA6-C0C4-019D-917B-61EF28BCB4C1}.Debug|Any CPU.Build.0 = Debug|Any CPU
		{CE183DA6-C0C4-019D-917B-61EF28BCB4C1}.Release|Any CPU.ActiveCfg = Release|Any CPU
		{CE183DA6-C0C4-019D-917B-61EF28BCB4C1}.Release|Any CPU.Build.0 = Release|Any CPU
		{9E6F01AC-69B8-8DB7-FA39-5DFF6280ED25}.Debug|Any CPU.ActiveCfg = Debug|Any CPU
		{9E6F01AC-69B8-8DB7-FA39-5DFF6280ED25}.Debug|Any CPU.Build.0 = Debug|Any CPU
		{9E6F01AC-69B8-8DB7-FA39-5DFF6280ED25}.Release|Any CPU.ActiveCfg = Release|Any CPU
		{9E6F01AC-69B8-8DB7-FA39-5DFF6280ED25}.Release|Any CPU.Build.0 = Release|Any CPU
	EndGlobalSection
	GlobalSection(SolutionProperties) = preSolution
		HideSolutionNode = FALSE
	EndGlobalSection
EndGlobal
